{
  "name": "@damo/core",
  "version": "0.0.1",
  "lockfileVersion": 1,
  "requires": true,
  "dependencies": {
    "asap": {
      "version": "2.0.6",
      "resolved": "https://registry.npmjs.org/asap/-/asap-2.0.6.tgz",
      "integrity": "sha1-5QNHYR1+aQlDIIu9r+vLwvuGbUY="
    },
    "async-validator": {
      "version": "1.8.1",
      "resolved": "https://registry.npmjs.org/async-validator/-/async-validator-1.8.1.tgz",
      "integrity": "sha1-ZmV4jKOSaa93Dl7gLw5VfyQ40so=",
      "requires": {
        "babel-runtime": "6.26.0"
      }
    },
    "babel-runtime": {
      "version": "6.26.0",
      "resolved": "https://registry.npmjs.org/babel-runtime/-/babel-runtime-6.26.0.tgz",
      "integrity": "sha1-llxwWGaOgrVde/4E/yM3vItWR/4=",
      "requires": {
        "core-js": "2.5.1",
        "regenerator-runtime": "0.11.0"
      },
      "dependencies": {
        "core-js": {
          "version": "2.5.1",
          "resolved": "https://registry.npmjs.org/core-js/-/core-js-2.5.1.tgz",
          "integrity": "sha1-rmh03GaTd4m4B1T/VCjfZoGcpQs="
        }
      }
    },
    "browser-fingerprint": {
      "version": "0.0.1",
      "resolved": "https://registry.npmjs.org/browser-fingerprint/-/browser-fingerprint-0.0.1.tgz",
      "integrity": "sha1-jfPNyiW/fVs1QtYVRdcwBT/OYEo="
    },
    "change-emitter": {
      "version": "0.1.6",
      "resolved": "https://registry.npmjs.org/change-emitter/-/change-emitter-0.1.6.tgz",
      "integrity": "sha1-6LL+PX8at9aaMhma/5HqaTFAlRU="
    },
    "core-js": {
      "version": "1.2.7",
      "resolved": "https://registry.npmjs.org/core-js/-/core-js-1.2.7.tgz",
      "integrity": "sha1-ZSKUwUZR2yj6k70tX/KYOk8IxjY="
    },
    "create-react-class": {
      "version": "15.6.2",
      "resolved": "https://registry.npmjs.org/create-react-class/-/create-react-class-15.6.2.tgz",
      "integrity": "sha1-zx7RXxKq1/FO9fLf4F5sQvke8Co=",
      "requires": {
        "fbjs": "0.8.16",
        "loose-envify": "1.3.1",
        "object-assign": "4.1.1"
      }
    },
    "cuid": {
      "version": "1.3.8",
      "resolved": "https://registry.npmjs.org/cuid/-/cuid-1.3.8.tgz",
      "integrity": "sha1-S4deCWm612T37AcGz0T1+wgx9rc=",
      "requires": {
        "browser-fingerprint": "0.0.1",
        "core-js": "1.2.7",
        "node-fingerprint": "0.0.2"
      }
    },
    "damo-redux": {
      "version": "0.0.1",
      "resolved": "https://registry.npmjs.org/damo-redux/-/damo-redux-0.0.1.tgz",
      "integrity": "sha512-JOWlj7BQFBYI1CONjgUisqOK0GbsStwADAVLcPL4L0xKIBorQJYdzdf0pruUd5YkewYNGU8wAhv6Kpi6Qa08VA==",
      "requires": {
        "humps": "2.0.1",
        "normalizr": "3.2.4",
        "react": "15.6.2",
        "react-dom": "15.6.2",
        "react-redux": "4.4.8",
        "react-router": "2.6.1",
        "react-router-redux": "4.0.8",
        "redux-logger": "2.4.0",
        "redux-thunk": "1.0.3",
        "rxjs": "5.0.0-beta.12"
      },
      "dependencies": {
        "humps": {
          "version": "2.0.1",
          "resolved": "https://registry.npmjs.org/humps/-/humps-2.0.1.tgz",
          "integrity": "sha1-3QLqYIG9BWjcXQcxhEY5V7qe+ao="
        },
        "normalizr": {
          "version": "3.2.4",
          "resolved": "https://registry.npmjs.org/normalizr/-/normalizr-3.2.4.tgz",
          "integrity": "sha1-Fqr8VAypncEGDOqhkzVWMi6sRCk="
        }
      }
    },
    "deep-equal": {
      "version": "1.0.1",
      "resolved": "https://registry.npmjs.org/deep-equal/-/deep-equal-1.0.1.tgz",
      "integrity": "sha1-9dJgKStmDghO/0zbyfCK0yR0SLU="
    },
    "encoding": {
      "version": "0.1.12",
      "resolved": "https://registry.npmjs.org/encoding/-/encoding-0.1.12.tgz",
      "integrity": "sha1-U4tm8+5izRq1HsMjgp0flIDHS+s=",
      "requires": {
        "iconv-lite": "0.4.19"
      }
    },
    "events": {
      "version": "1.1.1",
      "resolved": "https://registry.npmjs.org/events/-/events-1.1.1.tgz",
      "integrity": "sha1-nr23Y1rQmccNzEwqH1AEKI6L2SQ="
    },
    "fbjs": {
      "version": "0.8.16",
      "resolved": "https://registry.npmjs.org/fbjs/-/fbjs-0.8.16.tgz",
      "integrity": "sha1-XmdDL1UNxBtXK/VYR7ispk5TN9s=",
      "requires": {
        "core-js": "1.2.7",
        "isomorphic-fetch": "2.1.1",
        "loose-envify": "1.3.1",
        "object-assign": "4.1.1",
        "promise": "7.3.1",
        "setimmediate": "1.0.5",
        "ua-parser-js": "0.7.17"
      }
    },
    "history": {
      "version": "2.1.2",
      "resolved": "https://registry.npmjs.org/history/-/history-2.1.2.tgz",
      "integrity": "sha1-SqLeiXoOSGfkU5hDvm7Nsphr/ew=",
      "requires": {
        "deep-equal": "1.0.1",
        "invariant": "2.2.2",
        "query-string": "3.0.3",
        "warning": "2.1.0"
      },
      "dependencies": {
        "warning": {
          "version": "2.1.0",
          "resolved": "https://registry.npmjs.org/warning/-/warning-2.1.0.tgz",
          "integrity": "sha1-ISINnGOvx3qMkhEeARr3Bc4MaQE=",
          "requires": {
            "loose-envify": "1.3.1"
          }
        }
      }
    },
    "hoist-non-react-statics": {
      "version": "1.2.0",
      "resolved": "https://registry.npmjs.org/hoist-non-react-statics/-/hoist-non-react-statics-1.2.0.tgz",
      "integrity": "sha1-qkSM8JhtVcxAdzsXF0t90GbLfPs="
    },
    "iconv-lite": {
      "version": "0.4.19",
      "resolved": "https://registry.npmjs.org/iconv-lite/-/iconv-lite-0.4.19.tgz",
      "integrity": "sha512-oTZqweIP51xaGPI4uPa56/Pri/480R+mo7SeU+YETByQNhDG55ycFyNLIgta9vXhILrxXDmF7ZGhqZIcuN0gJQ=="
    },
    "intl-format-cache": {
      "version": "2.0.5",
      "resolved": "https://registry.npmjs.org/intl-format-cache/-/intl-format-cache-2.0.5.tgz",
      "integrity": "sha1-tITO/Lk1PzdPJd44mjzuoa8Y18k="
    },
    "intl-messageformat": {
      "version": "1.3.0",
      "resolved": "https://registry.npmjs.org/intl-messageformat/-/intl-messageformat-1.3.0.tgz",
      "integrity": "sha1-99kmre16OrGbLcYB79VOmaS9Tq4=",
      "requires": {
        "intl-messageformat-parser": "1.2.0"
      }
    },
    "intl-messageformat-parser": {
      "version": "1.2.0",
      "resolved": "https://registry.npmjs.org/intl-messageformat-parser/-/intl-messageformat-parser-1.2.0.tgz",
      "integrity": "sha1-WQa3+VOrdHDg3IVJCXtki5kYkv8="
    },
    "intl-relativeformat": {
      "version": "1.3.0",
      "resolved": "https://registry.npmjs.org/intl-relativeformat/-/intl-relativeformat-1.3.0.tgz",
      "integrity": "sha1-iT3HB2/M04DPCRojAMOA+les5Fs=",
      "requires": {
        "intl-messageformat": "1.3.0"
      }
    },
    "invariant": {
      "version": "2.2.2",
      "resolved": "https://registry.npmjs.org/invariant/-/invariant-2.2.2.tgz",
      "integrity": "sha1-nh9WrArNtr8wMwbzOL47IErmA2A=",
      "requires": {
        "loose-envify": "1.3.1"
      }
    },
    "is-stream": {
      "version": "1.1.0",
      "resolved": "https://registry.npmjs.org/is-stream/-/is-stream-1.1.0.tgz",
      "integrity": "sha1-EtSj3U5o4Lec6428hBc66A2RykQ="
    },
    "isomorphic-fetch": {
      "version": "2.1.1",
      "resolved": "https://registry.npmjs.org/isomorphic-fetch/-/isomorphic-fetch-2.1.1.tgz",
      "integrity": "sha1-tXPzLIfHxh7BBrzvGM+P38NIlPo=",
      "requires": {
        "node-fetch": "1.7.3",
        "whatwg-fetch": "0.8.2"
      }
    },
    "js-tokens": {
      "version": "3.0.2",
      "resolved": "https://registry.npmjs.org/js-tokens/-/js-tokens-3.0.2.tgz",
      "integrity": "sha1-mGbfOVECEw449/mWvOtlRDIJwls="
    },
    "lodash": {
      "version": "4.17.4",
      "resolved": "https://registry.npmjs.org/lodash/-/lodash-4.17.4.tgz",
      "integrity": "sha1-eCA6TRwyiuHYbcpkYONptX9AVa4="
    },
    "lodash-es": {
      "version": "4.17.4",
      "resolved": "https://registry.npmjs.org/lodash-es/-/lodash-es-4.17.4.tgz",
      "integrity": "sha1-3MHXVS4VCgZABzupyzHXDwMpUOc="
    },
    "loose-envify": {
      "version": "1.3.1",
      "resolved": "https://registry.npmjs.org/loose-envify/-/loose-envify-1.3.1.tgz",
      "integrity": "sha1-0aitM/qc4OcT1l/dCsi3SNR4yEg=",
      "requires": {
        "js-tokens": "3.0.2"
      }
    },
    "node-fetch": {
      "version": "1.7.3",
      "resolved": "https://registry.npmjs.org/node-fetch/-/node-fetch-1.7.3.tgz",
      "integrity": "sha512-NhZ4CsKx7cYm2vSrBAr2PvFOe6sWDf0UYLRqA6svUYg7+/TSfVAu49jYC4BvQ4Sms9SZgdqGBgroqfDhJdTyKQ==",
      "requires": {
        "encoding": "0.1.12",
        "is-stream": "1.1.0"
      }
    },
    "node-fingerprint": {
      "version": "0.0.2",
      "resolved": "https://registry.npmjs.org/node-fingerprint/-/node-fingerprint-0.0.2.tgz",
      "integrity": "sha1-Mcur63GmeufdWn3AQuUcPHWGhQE="
    },
    "object-assign": {
      "version": "4.1.1",
      "resolved": "https://registry.npmjs.org/object-assign/-/object-assign-4.1.1.tgz",
      "integrity": "sha1-IQmtx5ZYh8/AXLvUQsrIv7s2CGM="
    },
    "promise": {
      "version": "7.3.1",
      "resolved": "https://registry.npmjs.org/promise/-/promise-7.3.1.tgz",
      "integrity": "sha512-nolQXZ/4L+bP/UGlkfaIujX9BKxGwmQ9OT4mOt5yvy8iK1h3wqTEJCijzGANTCCl9nWjY41juyAn2K3Q1hLLTg==",
      "requires": {
        "asap": "2.0.6"
      }
    },
    "prop-types": {
      "version": "15.6.0",
      "resolved": "https://registry.npmjs.org/prop-types/-/prop-types-15.6.0.tgz",
      "integrity": "sha1-zq8IMCL8RrSjX2nhPvda7Q1jmFY=",
      "requires": {
        "fbjs": "0.8.16",
        "loose-envify": "1.3.1",
        "object-assign": "4.1.1"
      }
    },
    "query-string": {
      "version": "3.0.3",
      "resolved": "https://registry.npmjs.org/query-string/-/query-string-3.0.3.tgz",
      "integrity": "sha1-ri4UtNBQcdTpuetIc8NbDc1C5jg=",
      "requires": {
        "strict-uri-encode": "1.1.0"
      }
    },
    "react": {
      "version": "15.6.2",
      "resolved": "https://registry.npmjs.org/react/-/react-15.6.2.tgz",
      "integrity": "sha1-26BDSrQ5z+gvEI8PURZjkIF5qnI=",
      "requires": {
        "create-react-class": "15.6.2",
        "fbjs": "0.8.16",
        "loose-envify": "1.3.1",
        "object-assign": "4.1.1",
        "prop-types": "15.6.0"
      }
    },
    "react-addons-pure-render-mixin": {
      "version": "15.6.2",
      "resolved": "https://registry.npmjs.org/react-addons-pure-render-mixin/-/react-addons-pure-render-mixin-15.6.2.tgz",
      "integrity": "sha1-a4P0C2s27kBzXL1hJes/E84c3ck=",
      "requires": {
        "fbjs": "0.8.16",
        "object-assign": "4.1.1"
      }
    },
    "react-dom": {
      "version": "15.6.2",
      "resolved": "https://registry.npmjs.org/react-dom/-/react-dom-15.6.2.tgz",
      "integrity": "sha1-Qc+t9pO3V/rycIRDodH9WgK+9zA=",
      "requires": {
        "fbjs": "0.8.16",
        "loose-envify": "1.3.1",
        "object-assign": "4.1.1",
        "prop-types": "15.6.0"
      }
    },
    "react-intl": {
      "version": "2.1.5",
      "resolved": "https://registry.npmjs.org/react-intl/-/react-intl-2.1.5.tgz",
      "integrity": "sha1-+Xleo0t5DctdDY73Bg3dvoW/h2M=",
      "requires": {
        "intl-format-cache": "2.0.5",
        "intl-messageformat": "1.3.0",
        "intl-relativeformat": "1.3.0",
        "invariant": "2.2.2"
      }
    },
    "react-mixin": {
      "version": "3.0.5",
      "resolved": "https://registry.npmjs.org/react-mixin/-/react-mixin-3.0.5.tgz",
      "integrity": "sha1-4Le2cT/cndxCkmffgItqxRhMZwY=",
      "requires": {
        "object-assign": "4.1.1",
        "smart-mixin": "2.0.0"
      }
    },
    "react-redux": {
      "version": "4.4.8",
      "resolved": "https://registry.npmjs.org/react-redux/-/react-redux-4.4.8.tgz",
      "integrity": "sha1-57wd0QDotk6WrIIS2xEyObni4I8=",
      "requires": {
        "create-react-class": "15.6.2",
        "hoist-non-react-statics": "1.2.0",
        "invariant": "2.2.2",
        "lodash": "4.17.4",
        "loose-envify": "1.3.1",
        "prop-types": "15.6.0"
      }
    },
    "react-redux-loading-bar": {
      "version": "2.4.1",
      "resolved": "https://registry.npmjs.org/react-redux-loading-bar/-/react-redux-loading-bar-2.4.1.tgz",
      "integrity": "sha1-jfZNs2LwZbVFP7u3N5pc9iRAEpo="
    },
    "react-router": {
      "version": "2.6.1",
      "resolved": "https://registry.npmjs.org/react-router/-/react-router-2.6.1.tgz",
      "integrity": "sha1-4EVNZr1hsSPZTbco+O0z2ZCL4iY=",
      "requires": {
        "history": "2.1.2",
        "hoist-non-react-statics": "1.2.0",
        "invariant": "2.2.2",
        "loose-envify": "1.3.1",
        "warning": "3.0.0"
      }
    },
    "react-router-redux": {
      "version": "4.0.8",
      "resolved": "https://registry.npmjs.org/react-router-redux/-/react-router-redux-4.0.8.tgz",
      "integrity": "sha1-InQDWWtRUeGCN32rg1tdRfD4BU4="
    },
    "recompose": {
      "version": "0.20.2",
      "resolved": "https://registry.npmjs.org/recompose/-/recompose-0.20.2.tgz",
      "integrity": "sha1-ET1qx+KcpmTP/+wWtoHd3fFSULw=",
      "requires": {
        "change-emitter": "0.1.6",
        "fbjs": "0.8.16",
        "hoist-non-react-statics": "1.2.0",
        "symbol-observable": "0.2.4"
      },
      "dependencies": {
        "symbol-observable": {
          "version": "0.2.4",
          "resolved": "https://registry.npmjs.org/symbol-observable/-/symbol-observable-0.2.4.tgz",
          "integrity": "sha1-lag9smGG1q9+ehjb2XYKL4bQj0A="
        }
      }
    },
    "redux": {
      "version": "3.5.2",
      "resolved": "https://registry.npmjs.org/redux/-/redux-3.5.2.tgz",
      "integrity": "sha1-RTN0XpcLZH7CYGaoOqMOnib6+EM=",
      "requires": {
        "lodash": "4.17.4",
        "lodash-es": "4.17.4",
        "loose-envify": "1.3.1",
        "symbol-observable": "0.2.4"
      },
      "dependencies": {
        "symbol-observable": {
          "version": "0.2.4",
          "resolved": "https://registry.npmjs.org/symbol-observable/-/symbol-observable-0.2.4.tgz",
          "integrity": "sha1-lag9smGG1q9+ehjb2XYKL4bQj0A="
        }
      }
    },
    "redux-logger": {
      "version": "2.4.0",
      "resolved": "https://registry.npmjs.org/redux-logger/-/redux-logger-2.4.0.tgz",
      "integrity": "sha1-JYb8/IXNA3ahSU8jV22df31Ps70="
    },
    "redux-promise-middleware": {
      "version": "4.0.0",
      "resolved": "https://registry.npmjs.org/redux-promise-middleware/-/redux-promise-middleware-4.0.0.tgz",
      "integrity": "sha1-TDSqSk5E5xH9mdGwTGhLffRIOOw="
    },
    "redux-router": {
      "version": "2.1.2",
      "resolved": "https://registry.npmjs.org/redux-router/-/redux-router-2.1.2.tgz",
      "integrity": "sha1-A0ckutCPQbr3VNtNIuLYWK22TxE=",
      "requires": {
        "deep-equal": "1.0.1"
      }
    },
    "redux-thunk": {
      "version": "1.0.3",
      "resolved": "https://registry.npmjs.org/redux-thunk/-/redux-thunk-1.0.3.tgz",
      "integrity": "sha1-d4qgCZ7qBZUDGrazkWX2Zw2NJr0="
    },
    "regenerator-runtime": {
      "version": "0.11.0",
      "resolved": "https://registry.npmjs.org/regenerator-runtime/-/regenerator-runtime-0.11.0.tgz",
      "integrity": "sha512-/aA0kLeRb5N9K0d4fw7ooEbI+xDe+DKD499EQqygGqeS8N3xto15p09uY2xj7ixP81sNPXvRLnAQIqdVStgb1A=="
    },
    "reselect": {
      "version": "2.5.4",
      "resolved": "https://registry.npmjs.org/reselect/-/reselect-2.5.4.tgz",
      "integrity": "sha1-t9I/3wC4P6etAnlUb427vXZccEc="
    },
    "rxjs": {
      "version": "5.0.0-beta.12",
      "resolved": "https://registry.npmjs.org/rxjs/-/rxjs-5.0.0-beta.12.tgz",
      "integrity": "sha1-zf3i2MRjnSCud5S/+P3fMtp60zc=",
      "requires": {
        "symbol-observable": "1.0.4"
      }
    },
    "seamless-immutable": {
      "version": "6.1.4",
      "resolved": "https://registry.npmjs.org/seamless-immutable/-/seamless-immutable-6.1.4.tgz",
      "integrity": "sha1-G/Crp5kcyGGVGoHRG2h2H3SA+Fk="
    },
    "setimmediate": {
      "version": "1.0.5",
      "resolved": "https://registry.npmjs.org/setimmediate/-/setimmediate-1.0.5.tgz",
      "integrity": "sha1-KQy7Iy4waULX1+qbg3Mqt4VvgoU="
    },
    "smart-mixin": {
      "version": "2.0.0",
      "resolved": "https://registry.npmjs.org/smart-mixin/-/smart-mixin-2.0.0.tgz",
      "integrity": "sha1-o0oQVeMqdbMNK048oyPcmctT9Dc="
    },
    "strict-uri-encode": {
      "version": "1.1.0",
      "resolved": "https://registry.npmjs.org/strict-uri-encode/-/strict-uri-encode-1.1.0.tgz",
      "integrity": "sha1-J5siXfHVgrH1TmWt3UNS4Y+qBxM="
    },
    "symbol-observable": {
      "version": "1.0.4",
      "resolved": "https://registry.npmjs.org/symbol-observable/-/symbol-observable-1.0.4.tgz",
      "integrity": "sha1-Kb9hXUqnEhvdiYsi1LP5vE4qoD0="
    },
    "ua-parser-js": {
      "version": "0.7.17",
      "resolved": "https://registry.npmjs.org/ua-parser-js/-/ua-parser-js-0.7.17.tgz",
      "integrity": "sha512-uRdSdu1oA1rncCQL7sCj8vSyZkgtL7faaw9Tc9rZ3mGgraQ7+Pdx7w5mnOSF3gw9ZNG6oc+KXfkon3bKuROm0g=="
    },
    "warning": {
      "version": "3.0.0",
      "resolved": "https://registry.npmjs.org/warning/-/warning-3.0.0.tgz",
      "integrity": "sha1-MuU3fLVy3kqwR1O9+IIcAe1gW3w=",
      "requires": {
        "loose-envify": "1.3.1"
      }
    },
    "whatwg-fetch": {
      "version": "0.8.2",
      "resolved": "https://registry.npmjs.org/whatwg-fetch/-/whatwg-fetch-0.8.2.tgz",
      "integrity": "sha1-NEQCGE71TMXAH1iAnyz2c3ucciI="
    }
  }
}
